
Microsoft Visual Studio Solution File, Format Version 12.00
# Visual Studio 14
VisualStudioVersion = 14.0.24720.0
MinimumVisualStudioVersion = 10.0.40219.1
Project("{FAE04EC0-301F-11D3-BF4B-00C04F79EFBC}") = "ImmutableObjectGraph", "ImmutableObjectGraph\ImmutableObjectGraph.csproj", "{63930555-500F-4E7B-9F24-3D5C3D4F0573}"
EndProject
Project("{2150E333-8FDC-42A3-9474-1A3956D46DE8}") = ".nuget", ".nuget", "{4A36BA1C-9698-4E6A-B917-D8753FDBE09A}"
	ProjectSection(SolutionItems) = preProject
		IntegrationTests.testsettings = IntegrationTests.testsettings
		..\NuGet.Config = ..\NuGet.Config
		UnitTests.testsettings = UnitTests.testsettings
	EndProjectSection
EndProject
Project("{2150E333-8FDC-42A3-9474-1A3956D46DE8}") = "Solution Items", "Solution Items", "{B370D792-CACB-47AD-BD16-801120F94515}"
	ProjectSection(SolutionItems) = preProject
		..\.gitignore = ..\.gitignore
		..\CONTRIBUTING.md = ..\CONTRIBUTING.md
		..\LICENSE.txt = ..\LICENSE.txt
		..\README.md = ..\README.md
		..\version.json = ..\version.json
	EndProjectSection
EndProject
Project("{FF286327-C783-4F7A-AB73-9BCBAD0D4460}") = "ImmutableObjectGraph.Core.NuGet", "ImmutableObjectGraph.Core.NuGet\ImmutableObjectGraph.Core.NuGet.nuproj", "{BC4943CF-CA4C-4D24-96AA-7712061526E4}"
EndProject
Project("{FAE04EC0-301F-11D3-BF4B-00C04F79EFBC}") = "ImmutableObjectGraph.Generation.Tests", "ImmutableObjectGraph.Generation.Tests\ImmutableObjectGraph.Generation.Tests.csproj", "{480D7D29-47EB-4110-A365-1246B49687D2}"
EndProject
Project("{FF286327-C783-4F7A-AB73-9BCBAD0D4460}") = "ImmutableObjectGraph.Generation.NuGet", "ImmutableObjectGraph.Generation.NuGet\ImmutableObjectGraph.Generation.NuGet.nuproj", "{C2529293-7A03-4E3A-B96A-59A6D70D3B86}"
EndProject
Project("{FAE04EC0-301F-11D3-BF4B-00C04F79EFBC}") = "ImmutableObjectGraph.Generation", "ImmutableObjectGraph.Generation\ImmutableObjectGraph.Generation.csproj", "{1C4C18BA-15EF-4D4D-9547-A2EE1E47ACE1}"
EndProject
Project("{FAE04EC0-301F-11D3-BF4B-00C04F79EFBC}") = "RoslynDemo", "RoslynDemo\RoslynDemo.csproj", "{07DCAAF3-0825-499C-85C5-7D8B23230BBE}"
EndProject
Project("{FAE04EC0-301F-11D3-BF4B-00C04F79EFBC}") = "ImmutableObjectGraph.Generation.Attributes", "ImmutableObjectGraph.Generation.Attributes\ImmutableObjectGraph.Generation.Attributes.csproj", "{7B6DD09E-BD82-4B88-A10D-6D5606519ECD}"
EndProject
Global
	GlobalSection(SolutionConfigurationPlatforms) = preSolution
		Debug|Any CPU = Debug|Any CPU
		Release|Any CPU = Release|Any CPU
	EndGlobalSection
	GlobalSection(ProjectConfigurationPlatforms) = postSolution
		{63930555-500F-4E7B-9F24-3D5C3D4F0573}.Debug|Any CPU.ActiveCfg = Debug|Any CPU
		{63930555-500F-4E7B-9F24-3D5C3D4F0573}.Debug|Any CPU.Build.0 = Debug|Any CPU
		{63930555-500F-4E7B-9F24-3D5C3D4F0573}.Release|Any CPU.ActiveCfg = Release|Any CPU
		{63930555-500F-4E7B-9F24-3D5C3D4F0573}.Release|Any CPU.Build.0 = Release|Any CPU
		{BC4943CF-CA4C-4D24-96AA-7712061526E4}.Debug|Any CPU.ActiveCfg = Debug|Any CPU
		{BC4943CF-CA4C-4D24-96AA-7712061526E4}.Debug|Any CPU.Build.0 = Debug|Any CPU
		{BC4943CF-CA4C-4D24-96AA-7712061526E4}.Release|Any CPU.ActiveCfg = Release|Any CPU
		{BC4943CF-CA4C-4D24-96AA-7712061526E4}.Release|Any CPU.Build.0 = Release|Any CPU
		{480D7D29-47EB-4110-A365-1246B49687D2}.Debug|Any CPU.ActiveCfg = Debug|Any CPU
		{480D7D29-47EB-4110-A365-1246B49687D2}.Debug|Any CPU.Build.0 = Debug|Any CPU
		{480D7D29-47EB-4110-A365-1246B49687D2}.Release|Any CPU.ActiveCfg = Release|Any CPU
		{480D7D29-47EB-4110-A365-1246B49687D2}.Release|Any CPU.Build.0 = Release|Any CPU
		{C2529293-7A03-4E3A-B96A-59A6D70D3B86}.Debug|Any CPU.ActiveCfg = Debug|Any CPU
		{C2529293-7A03-4E3A-B96A-59A6D70D3B86}.Debug|Any CPU.Build.0 = Debug|Any CPU
		{C2529293-7A03-4E3A-B96A-59A6D70D3B86}.Release|Any CPU.ActiveCfg = Release|Any CPU
		{C2529293-7A03-4E3A-B96A-59A6D70D3B86}.Release|Any CPU.Build.0 = Release|Any CPU
		{1C4C18BA-15EF-4D4D-9547-A2EE1E47ACE1}.Debug|Any CPU.ActiveCfg = Debug|Any CPU
		{1C4C18BA-15EF-4D4D-9547-A2EE1E47ACE1}.Debug|Any CPU.Build.0 = Debug|Any CPU
		{1C4C18BA-15EF-4D4D-9547-A2EE1E47ACE1}.Release|Any CPU.ActiveCfg = Release|Any CPU
		{1C4C18BA-15EF-4D4D-9547-A2EE1E47ACE1}.Release|Any CPU.Build.0 = Release|Any CPU
		{07DCAAF3-0825-499C-85C5-7D8B23230BBE}.Debug|Any CPU.ActiveCfg = Debug|Any CPU
		{07DCAAF3-0825-499C-85C5-7D8B23230BBE}.Debug|Any CPU.Build.0 = Debug|Any CPU
		{07DCAAF3-0825-499C-85C5-7D8B23230BBE}.Release|Any CPU.ActiveCfg = Release|Any CPU
		{07DCAAF3-0825-499C-85C5-7D8B23230BBE}.Release|Any CPU.Build.0 = Release|Any CPU
		{7B6DD09E-BD82-4B88-A10D-6D5606519ECD}.Debug|Any CPU.ActiveCfg = Debug|Any CPU
		{7B6DD09E-BD82-4B88-A10D-6D5606519ECD}.Debug|Any CPU.Build.0 = Debug|Any CPU
		{7B6DD09E-BD82-4B88-A10D-6D5606519ECD}.Release|Any CPU.ActiveCfg = Release|Any CPU
		{7B6DD09E-BD82-4B88-A10D-6D5606519ECD}.Release|Any CPU.Build.0 = Release|Any CPU
	EndGlobalSection
	GlobalSection(SolutionProperties) = preSolution
		HideSolutionNode = FALSE
	EndGlobalSection
EndGlobal
